
Microsoft Visual Studio Solution File, Format Version 12.00
# Visual Studio 15
VisualStudioVersion = 15.0.28307.852
MinimumVisualStudioVersion = 10.0.40219.1
Project("{FAE04EC0-301F-11D3-BF4B-00C04F79EFBC}") = "Aurea.CRM.Client.Android", "Aurea.CRM.Client\Aurea.CRM.Client.Android\Aurea.CRM.Client.Android.csproj", "{33552B23-B047-45CA-A2EB-1A1EF83F9685}"
EndProject
Project("{FAE04EC0-301F-11D3-BF4B-00C04F79EFBC}") = "Aurea.CRM.Client.iOS", "Aurea.CRM.Client\Aurea.CRM.Client.iOS\Aurea.CRM.Client.iOS.csproj", "{95D8DAA9-4A51-455C-AE52-2BD4E0658192}"
EndProject
Project("{FAE04EC0-301F-11D3-BF4B-00C04F79EFBC}") = "Aurea.CRM.Client.UWP", "Aurea.CRM.Client\Aurea.CRM.Client.UWP\Aurea.CRM.Client.UWP.csproj", "{91752EC5-467D-41D9-85F8-3DA9BC0C16C6}"
EndProject
Project("{9A19103F-16F7-4668-BE54-9A1E7A4F7556}") = "Aurea.CRM.Client", "Aurea.CRM.Client\Aurea.CRM.Client\Aurea.CRM.Client.csproj", "{860D10CF-F1C6-4811-BB0C-13491EA5255E}"
	ProjectSection(ProjectDependencies) = postProject
		{F31FD193-860A-493B-BA68-B4EFED1D58CD} = {F31FD193-860A-493B-BA68-B4EFED1D58CD}
		{E3E2CAC2-C472-4000-9257-30BB7FE6B114} = {E3E2CAC2-C472-4000-9257-30BB7FE6B114}
	EndProjectSection
EndProject
Project("{9A19103F-16F7-4668-BE54-9A1E7A4F7556}") = "SQLitePath", "Aurea.CRM.Client\Shared\Aurea.CRM.Shared\SQLitePath.csproj", "{E03189CA-EFFD-4513-814D-83C14BCD5323}"
EndProject
Project("{9A19103F-16F7-4668-BE54-9A1E7A4F7556}") = "Aurea.CRM.UIModel", "Aurea.CRM.Client\Shared\Aurea.CRM.UIModel\Aurea.CRM.UIModel.csproj", "{F31FD193-860A-493B-BA68-B4EFED1D58CD}"
EndProject
Project("{9A19103F-16F7-4668-BE54-9A1E7A4F7556}") = "Aurea.CRM.Core", "Aurea.CRM.Client\Shared\Aurea.CRM.Core\Aurea.CRM.Core.csproj", "{D72E5649-90F7-4A55-BBC0-07B07C62E640}"
EndProject
Project("{9A19103F-16F7-4668-BE54-9A1E7A4F7556}") = "Aurea.CRM.Services", "Aurea.CRM.Client\Shared\Aurea.CRM.Services\Aurea.CRM.Services.csproj", "{E3E2CAC2-C472-4000-9257-30BB7FE6B114}"
EndProject
Global
	GlobalSection(SolutionConfigurationPlatforms) = preSolution
		Ad-Hoc|Any CPU = Ad-Hoc|Any CPU
		Ad-Hoc|ARM = Ad-Hoc|ARM
		Ad-Hoc|iPhone = Ad-Hoc|iPhone
		Ad-Hoc|iPhoneSimulator = Ad-Hoc|iPhoneSimulator
		Ad-Hoc|x64 = Ad-Hoc|x64
		Ad-Hoc|x86 = Ad-Hoc|x86
		AppStore|Any CPU = AppStore|Any CPU
		AppStore|ARM = AppStore|ARM
		AppStore|iPhone = AppStore|iPhone
		AppStore|iPhoneSimulator = AppStore|iPhoneSimulator
		AppStore|x64 = AppStore|x64
		AppStore|x86 = AppStore|x86
		Debug|Any CPU = Debug|Any CPU
		Debug|ARM = Debug|ARM
		Debug|iPhone = Debug|iPhone
		Debug|iPhoneSimulator = Debug|iPhoneSimulator
		Debug|x64 = Debug|x64
		Debug|x86 = Debug|x86
		Porting|Any CPU = Porting|Any CPU
		Porting|ARM = Porting|ARM
		Porting|iPhone = Porting|iPhone
		Porting|iPhoneSimulator = Porting|iPhoneSimulator
		Porting|x64 = Porting|x64
		Porting|x86 = Porting|x86
		Release|Any CPU = Release|Any CPU
		Release|ARM = Release|ARM
		Release|iPhone = Release|iPhone
		Release|iPhoneSimulator = Release|iPhoneSimulator
		Release|x64 = Release|x64
		Release|x86 = Release|x86
	EndGlobalSection
	GlobalSection(ProjectConfigurationPlatforms) = postSolution
		{33552B23-B047-45CA-A2EB-1A1EF83F9685}.Ad-Hoc|Any CPU.ActiveCfg = Release|Any CPU
		{33552B23-B047-45CA-A2EB-1A1EF83F9685}.Ad-Hoc|Any CPU.Build.0 = Release|Any CPU
		{33552B23-B047-45CA-A2EB-1A1EF83F9685}.Ad-Hoc|Any CPU.Deploy.0 = Release|Any CPU
		{33552B23-B047-45CA-A2EB-1A1EF83F9685}.Ad-Hoc|ARM.ActiveCfg = Release|Any CPU
		{33552B23-B047-45CA-A2EB-1A1EF83F9685}.Ad-Hoc|ARM.Build.0 = Release|Any CPU
		{33552B23-B047-45CA-A2EB-1A1EF83F9685}.Ad-Hoc|ARM.Deploy.0 = Release|Any CPU
		{33552B23-B047-45CA-A2EB-1A1EF83F9685}.Ad-Hoc|iPhone.ActiveCfg = Release|Any CPU
		{33552B23-B047-45CA-A2EB-1A1EF83F9685}.Ad-Hoc|iPhone.Build.0 = Release|Any CPU
		{33552B23-B047-45CA-A2EB-1A1EF83F9685}.Ad-Hoc|iPhone.Deploy.0 = Release|Any CPU
		{33552B23-B047-45CA-A2EB-1A1EF83F9685}.Ad-Hoc|iPhoneSimulator.ActiveCfg = Release|Any CPU
		{33552B23-B047-45CA-A2EB-1A1EF83F9685}.Ad-Hoc|iPhoneSimulator.Build.0 = Release|Any CPU
		{33552B23-B047-45CA-A2EB-1A1EF83F9685}.Ad-Hoc|iPhoneSimulator.Deploy.0 = Release|Any CPU
		{33552B23-B047-45CA-A2EB-1A1EF83F9685}.Ad-Hoc|x64.ActiveCfg = Release|Any CPU
		{33552B23-B047-45CA-A2EB-1A1EF83F9685}.Ad-Hoc|x64.Build.0 = Release|Any CPU
		{33552B23-B047-45CA-A2EB-1A1EF83F9685}.Ad-Hoc|x64.Deploy.0 = Release|Any CPU
		{33552B23-B047-45CA-A2EB-1A1EF83F9685}.Ad-Hoc|x86.ActiveCfg = Release|Any CPU
		{33552B23-B047-45CA-A2EB-1A1EF83F9685}.Ad-Hoc|x86.Build.0 = Release|Any CPU
		{33552B23-B047-45CA-A2EB-1A1EF83F9685}.Ad-Hoc|x86.Deploy.0 = Release|Any CPU
		{33552B23-B047-45CA-A2EB-1A1EF83F9685}.AppStore|Any CPU.ActiveCfg = Release|Any CPU
		{33552B23-B047-45CA-A2EB-1A1EF83F9685}.AppStore|Any CPU.Build.0 = Release|Any CPU
		{33552B23-B047-45CA-A2EB-1A1EF83F9685}.AppStore|Any CPU.Deploy.0 = Release|Any CPU
		{33552B23-B047-45CA-A2EB-1A1EF83F9685}.AppStore|ARM.ActiveCfg = Release|Any CPU
		{33552B23-B047-45CA-A2EB-1A1EF83F9685}.AppStore|ARM.Build.0 = Release|Any CPU
		{33552B23-B047-45CA-A2EB-1A1EF83F9685}.AppStore|ARM.Deploy.0 = Release|Any CPU
		{33552B23-B047-45CA-A2EB-1A1EF83F9685}.AppStore|iPhone.ActiveCfg = Release|Any CPU
		{33552B23-B047-45CA-A2EB-1A1EF83F9685}.AppStore|iPhone.Build.0 = Release|Any CPU
		{33552B23-B047-45CA-A2EB-1A1EF83F9685}.AppStore|iPhone.Deploy.0 = Release|Any CPU
		{33552B23-B047-45CA-A2EB-1A1EF83F9685}.AppStore|iPhoneSimulator.ActiveCfg = Release|Any CPU
		{33552B23-B047-45CA-A2EB-1A1EF83F9685}.AppStore|iPhoneSimulator.Build.0 = Release|Any CPU
		{33552B23-B047-45CA-A2EB-1A1EF83F9685}.AppStore|iPhoneSimulator.Deploy.0 = Release|Any CPU
		{33552B23-B047-45CA-A2EB-1A1EF83F9685}.AppStore|x64.ActiveCfg = Release|Any CPU
		{33552B23-B047-45CA-A2EB-1A1EF83F9685}.AppStore|x64.Build.0 = Release|Any CPU
		{33552B23-B047-45CA-A2EB-1A1EF83F9685}.AppStore|x64.Deploy.0 = Release|Any CPU
		{33552B23-B047-45CA-A2EB-1A1EF83F9685}.AppStore|x86.ActiveCfg = Release|Any CPU
		{33552B23-B047-45CA-A2EB-1A1EF83F9685}.AppStore|x86.Build.0 = Release|Any CPU
		{33552B23-B047-45CA-A2EB-1A1EF83F9685}.AppStore|x86.Deploy.0 = Release|Any CPU
		{33552B23-B047-45CA-A2EB-1A1EF83F9685}.Debug|Any CPU.ActiveCfg = Debug|Any CPU
		{33552B23-B047-45CA-A2EB-1A1EF83F9685}.Debug|Any CPU.Build.0 = Debug|Any CPU
		{33552B23-B047-45CA-A2EB-1A1EF83F9685}.Debug|Any CPU.Deploy.0 = Debug|Any CPU
		{33552B23-B047-45CA-A2EB-1A1EF83F9685}.Debug|ARM.ActiveCfg = Debug|Any CPU
		{33552B23-B047-45CA-A2EB-1A1EF83F9685}.Debug|ARM.Build.0 = Debug|Any CPU
		{33552B23-B047-45CA-A2EB-1A1EF83F9685}.Debug|ARM.Deploy.0 = Debug|Any CPU
		{33552B23-B047-45CA-A2EB-1A1EF83F9685}.Debug|iPhone.ActiveCfg = Debug|Any CPU
		{33552B23-B047-45CA-A2EB-1A1EF83F9685}.Debug|iPhone.Build.0 = Debug|Any CPU
		{33552B23-B047-45CA-A2EB-1A1EF83F9685}.Debug|iPhone.Deploy.0 = Debug|Any CPU
		{33552B23-B047-45CA-A2EB-1A1EF83F9685}.Debug|iPhoneSimulator.ActiveCfg = Debug|Any CPU
		{33552B23-B047-45CA-A2EB-1A1EF83F9685}.Debug|iPhoneSimulator.Build.0 = Debug|Any CPU
		{33552B23-B047-45CA-A2EB-1A1EF83F9685}.Debug|iPhoneSimulator.Deploy.0 = Debug|Any CPU
		{33552B23-B047-45CA-A2EB-1A1EF83F9685}.Debug|x64.ActiveCfg = Debug|Any CPU
		{33552B23-B047-45CA-A2EB-1A1EF83F9685}.Debug|x64.Build.0 = Debug|Any CPU
		{33552B23-B047-45CA-A2EB-1A1EF83F9685}.Debug|x64.Deploy.0 = Debug|Any CPU
		{33552B23-B047-45CA-A2EB-1A1EF83F9685}.Debug|x86.ActiveCfg = Debug|Any CPU
		{33552B23-B047-45CA-A2EB-1A1EF83F9685}.Debug|x86.Build.0 = Debug|Any CPU
		{33552B23-B047-45CA-A2EB-1A1EF83F9685}.Debug|x86.Deploy.0 = Debug|Any CPU
		{33552B23-B047-45CA-A2EB-1A1EF83F9685}.Porting|Any CPU.ActiveCfg = Debug|Any CPU
		{33552B23-B047-45CA-A2EB-1A1EF83F9685}.Porting|Any CPU.Build.0 = Debug|Any CPU
		{33552B23-B047-45CA-A2EB-1A1EF83F9685}.Porting|Any CPU.Deploy.0 = Debug|Any CPU
		{33552B23-B047-45CA-A2EB-1A1EF83F9685}.Porting|ARM.ActiveCfg = Debug|Any CPU
		{33552B23-B047-45CA-A2EB-1A1EF83F9685}.Porting|ARM.Build.0 = Debug|Any CPU
		{33552B23-B047-45CA-A2EB-1A1EF83F9685}.Porting|ARM.Deploy.0 = Debug|Any CPU
		{33552B23-B047-45CA-A2EB-1A1EF83F9685}.Porting|iPhone.ActiveCfg = Debug|Any CPU
		{33552B23-B047-45CA-A2EB-1A1EF83F9685}.Porting|iPhone.Build.0 = Debug|Any CPU
		{33552B23-B047-45CA-A2EB-1A1EF83F9685}.Porting|iPhone.Deploy.0 = Debug|Any CPU
		{33552B23-B047-45CA-A2EB-1A1EF83F9685}.Porting|iPhoneSimulator.ActiveCfg = Debug|Any CPU
		{33552B23-B047-45CA-A2EB-1A1EF83F9685}.Porting|iPhoneSimulator.Build.0 = Debug|Any CPU
		{33552B23-B047-45CA-A2EB-1A1EF83F9685}.Porting|iPhoneSimulator.Deploy.0 = Debug|Any CPU
		{33552B23-B047-45CA-A2EB-1A1EF83F9685}.Porting|x64.ActiveCfg = Debug|Any CPU
		{33552B23-B047-45CA-A2EB-1A1EF83F9685}.Porting|x64.Build.0 = Debug|Any CPU
		{33552B23-B047-45CA-A2EB-1A1EF83F9685}.Porting|x64.Deploy.0 = Debug|Any CPU
		{33552B23-B047-45CA-A2EB-1A1EF83F9685}.Porting|x86.ActiveCfg = Debug|Any CPU
		{33552B23-B047-45CA-A2EB-1A1EF83F9685}.Porting|x86.Build.0 = Debug|Any CPU
		{33552B23-B047-45CA-A2EB-1A1EF83F9685}.Porting|x86.Deploy.0 = Debug|Any CPU
		{33552B23-B047-45CA-A2EB-1A1EF83F9685}.Release|Any CPU.ActiveCfg = Release|Any CPU
		{33552B23-B047-45CA-A2EB-1A1EF83F9685}.Release|Any CPU.Build.0 = Release|Any CPU
		{33552B23-B047-45CA-A2EB-1A1EF83F9685}.Release|Any CPU.Deploy.0 = Release|Any CPU
		{33552B23-B047-45CA-A2EB-1A1EF83F9685}.Release|ARM.ActiveCfg = Release|Any CPU
		{33552B23-B047-45CA-A2EB-1A1EF83F9685}.Release|ARM.Build.0 = Release|Any CPU
		{33552B23-B047-45CA-A2EB-1A1EF83F9685}.Release|ARM.Deploy.0 = Release|Any CPU
		{33552B23-B047-45CA-A2EB-1A1EF83F9685}.Release|iPhone.ActiveCfg = Release|Any CPU
		{33552B23-B047-45CA-A2EB-1A1EF83F9685}.Release|iPhone.Build.0 = Release|Any CPU
		{33552B23-B047-45CA-A2EB-1A1EF83F9685}.Release|iPhone.Deploy.0 = Release|Any CPU
		{33552B23-B047-45CA-A2EB-1A1EF83F9685}.Release|iPhoneSimulator.ActiveCfg = Release|Any CPU
		{33552B23-B047-45CA-A2EB-1A1EF83F9685}.Release|iPhoneSimulator.Build.0 = Release|Any CPU
		{33552B23-B047-45CA-A2EB-1A1EF83F9685}.Release|iPhoneSimulator.Deploy.0 = Release|Any CPU
		{33552B23-B047-45CA-A2EB-1A1EF83F9685}.Release|x64.ActiveCfg = Release|Any CPU
		{33552B23-B047-45CA-A2EB-1A1EF83F9685}.Release|x64.Build.0 = Release|Any CPU
		{33552B23-B047-45CA-A2EB-1A1EF83F9685}.Release|x64.Deploy.0 = Release|Any CPU
		{33552B23-B047-45CA-A2EB-1A1EF83F9685}.Release|x86.ActiveCfg = Release|Any CPU
		{33552B23-B047-45CA-A2EB-1A1EF83F9685}.Release|x86.Build.0 = Release|Any CPU
		{33552B23-B047-45CA-A2EB-1A1EF83F9685}.Release|x86.Deploy.0 = Release|Any CPU
		{95D8DAA9-4A51-455C-AE52-2BD4E0658192}.Ad-Hoc|Any CPU.ActiveCfg = Ad-Hoc|iPhone
		{95D8DAA9-4A51-455C-AE52-2BD4E0658192}.Ad-Hoc|Any CPU.Build.0 = Ad-Hoc|iPhone
		{95D8DAA9-4A51-455C-AE52-2BD4E0658192}.Ad-Hoc|Any CPU.Deploy.0 = Ad-Hoc|iPhone
		{95D8DAA9-4A51-455C-AE52-2BD4E0658192}.Ad-Hoc|ARM.ActiveCfg = Ad-Hoc|iPhone
		{95D8DAA9-4A51-455C-AE52-2BD4E0658192}.Ad-Hoc|ARM.Build.0 = Ad-Hoc|iPhone
		{95D8DAA9-4A51-455C-AE52-2BD4E0658192}.Ad-Hoc|ARM.Deploy.0 = Ad-Hoc|iPhone
		{95D8DAA9-4A51-455C-AE52-2BD4E0658192}.Ad-Hoc|iPhone.ActiveCfg = Ad-Hoc|iPhone
		{95D8DAA9-4A51-455C-AE52-2BD4E0658192}.Ad-Hoc|iPhone.Build.0 = Ad-Hoc|iPhone
		{95D8DAA9-4A51-455C-AE52-2BD4E0658192}.Ad-Hoc|iPhone.Deploy.0 = Ad-Hoc|iPhone
		{95D8DAA9-4A51-455C-AE52-2BD4E0658192}.Ad-Hoc|iPhoneSimulator.ActiveCfg = Ad-Hoc|iPhoneSimulator
		{95D8DAA9-4A51-455C-AE52-2BD4E0658192}.Ad-Hoc|iPhoneSimulator.Build.0 = Ad-Hoc|iPhoneSimulator
		{95D8DAA9-4A51-455C-AE52-2BD4E0658192}.Ad-Hoc|iPhoneSimulator.Deploy.0 = Ad-Hoc|iPhoneSimulator
		{95D8DAA9-4A51-455C-AE52-2BD4E0658192}.Ad-Hoc|x64.ActiveCfg = Ad-Hoc|iPhone
		{95D8DAA9-4A51-455C-AE52-2BD4E0658192}.Ad-Hoc|x64.Build.0 = Ad-Hoc|iPhone
		{95D8DAA9-4A51-455C-AE52-2BD4E0658192}.Ad-Hoc|x64.Deploy.0 = Ad-Hoc|iPhone
		{95D8DAA9-4A51-455C-AE52-2BD4E0658192}.Ad-Hoc|x86.ActiveCfg = Ad-Hoc|iPhone
		{95D8DAA9-4A51-455C-AE52-2BD4E0658192}.Ad-Hoc|x86.Build.0 = Ad-Hoc|iPhone
		{95D8DAA9-4A51-455C-AE52-2BD4E0658192}.Ad-Hoc|x86.Deploy.0 = Ad-Hoc|iPhone
		{95D8DAA9-4A51-455C-AE52-2BD4E0658192}.AppStore|Any CPU.ActiveCfg = AppStore|iPhone
		{95D8DAA9-4A51-455C-AE52-2BD4E0658192}.AppStore|Any CPU.Build.0 = AppStore|iPhone
		{95D8DAA9-4A51-455C-AE52-2BD4E0658192}.AppStore|Any CPU.Deploy.0 = AppStore|iPhone
		{95D8DAA9-4A51-455C-AE52-2BD4E0658192}.AppStore|ARM.ActiveCfg = AppStore|iPhone
		{95D8DAA9-4A51-455C-AE52-2BD4E0658192}.AppStore|ARM.Build.0 = AppStore|iPhone
		{95D8DAA9-4A51-455C-AE52-2BD4E0658192}.AppStore|ARM.Deploy.0 = AppStore|iPhone
		{95D8DAA9-4A51-455C-AE52-2BD4E0658192}.AppStore|iPhone.ActiveCfg = AppStore|iPhone
		{95D8DAA9-4A51-455C-AE52-2BD4E0658192}.AppStore|iPhone.Build.0 = AppStore|iPhone
		{95D8DAA9-4A51-455C-AE52-2BD4E0658192}.AppStore|iPhone.Deploy.0 = AppStore|iPhone
		{95D8DAA9-4A51-455C-AE52-2BD4E0658192}.AppStore|iPhoneSimulator.ActiveCfg = AppStore|iPhoneSimulator
		{95D8DAA9-4A51-455C-AE52-2BD4E0658192}.AppStore|iPhoneSimulator.Build.0 = AppStore|iPhoneSimulator
		{95D8DAA9-4A51-455C-AE52-2BD4E0658192}.AppStore|iPhoneSimulator.Deploy.0 = AppStore|iPhoneSimulator
		{95D8DAA9-4A51-455C-AE52-2BD4E0658192}.AppStore|x64.ActiveCfg = AppStore|iPhone
		{95D8DAA9-4A51-455C-AE52-2BD4E0658192}.AppStore|x64.Build.0 = AppStore|iPhone
		{95D8DAA9-4A51-455C-AE52-2BD4E0658192}.AppStore|x64.Deploy.0 = AppStore|iPhone
		{95D8DAA9-4A51-455C-AE52-2BD4E0658192}.AppStore|x86.ActiveCfg = AppStore|iPhone
		{95D8DAA9-4A51-455C-AE52-2BD4E0658192}.AppStore|x86.Build.0 = AppStore|iPhone
		{95D8DAA9-4A51-455C-AE52-2BD4E0658192}.AppStore|x86.Deploy.0 = AppStore|iPhone
		{95D8DAA9-4A51-455C-AE52-2BD4E0658192}.Debug|Any CPU.ActiveCfg = Debug|iPhoneSimulator
		{95D8DAA9-4A51-455C-AE52-2BD4E0658192}.Debug|Any CPU.Build.0 = Debug|iPhoneSimulator
		{95D8DAA9-4A51-455C-AE52-2BD4E0658192}.Debug|Any CPU.Deploy.0 = Debug|iPhoneSimulator
		{95D8DAA9-4A51-455C-AE52-2BD4E0658192}.Debug|ARM.ActiveCfg = Debug|iPhone
		{95D8DAA9-4A51-455C-AE52-2BD4E0658192}.Debug|ARM.Build.0 = Debug|iPhone
		{95D8DAA9-4A51-455C-AE52-2BD4E0658192}.Debug|ARM.Deploy.0 = Debug|iPhone
		{95D8DAA9-4A51-455C-AE52-2BD4E0658192}.Debug|iPhone.ActiveCfg = Debug|iPhone
		{95D8DAA9-4A51-455C-AE52-2BD4E0658192}.Debug|iPhone.Build.0 = Debug|iPhone
		{95D8DAA9-4A51-455C-AE52-2BD4E0658192}.Debug|iPhone.Deploy.0 = Debug|iPhone
		{95D8DAA9-4A51-455C-AE52-2BD4E0658192}.Debug|iPhoneSimulator.ActiveCfg = Debug|iPhoneSimulator
		{95D8DAA9-4A51-455C-AE52-2BD4E0658192}.Debug|iPhoneSimulator.Build.0 = Debug|iPhoneSimulator
		{95D8DAA9-4A51-455C-AE52-2BD4E0658192}.Debug|iPhoneSimulator.Deploy.0 = Debug|iPhoneSimulator
		{95D8DAA9-4A51-455C-AE52-2BD4E0658192}.Debug|x64.ActiveCfg = Debug|iPhone
		{95D8DAA9-4A51-455C-AE52-2BD4E0658192}.Debug|x64.Build.0 = Debug|iPhone
		{95D8DAA9-4A51-455C-AE52-2BD4E0658192}.Debug|x64.Deploy.0 = Debug|iPhone
		{95D8DAA9-4A51-455C-AE52-2BD4E0658192}.Debug|x86.ActiveCfg = Debug|iPhone
		{95D8DAA9-4A51-455C-AE52-2BD4E0658192}.Debug|x86.Build.0 = Debug|iPhone
		{95D8DAA9-4A51-455C-AE52-2BD4E0658192}.Debug|x86.Deploy.0 = Debug|iPhone
		{95D8DAA9-4A51-455C-AE52-2BD4E0658192}.Porting|Any CPU.ActiveCfg = Release|iPhoneSimulator
		{95D8DAA9-4A51-455C-AE52-2BD4E0658192}.Porting|Any CPU.Build.0 = Release|iPhoneSimulator
		{95D8DAA9-4A51-455C-AE52-2BD4E0658192}.Porting|ARM.ActiveCfg = Release|iPhoneSimulator
		{95D8DAA9-4A51-455C-AE52-2BD4E0658192}.Porting|ARM.Build.0 = Release|iPhoneSimulator
		{95D8DAA9-4A51-455C-AE52-2BD4E0658192}.Porting|iPhone.ActiveCfg = Release|iPhone
		{95D8DAA9-4A51-455C-AE52-2BD4E0658192}.Porting|iPhone.Build.0 = Release|iPhone
		{95D8DAA9-4A51-455C-AE52-2BD4E0658192}.Porting|iPhoneSimulator.ActiveCfg = Release|iPhoneSimulator
		{95D8DAA9-4A51-455C-AE52-2BD4E0658192}.Porting|iPhoneSimulator.Build.0 = Release|iPhoneSimulator
		{95D8DAA9-4A51-455C-AE52-2BD4E0658192}.Porting|x64.ActiveCfg = Release|iPhoneSimulator
		{95D8DAA9-4A51-455C-AE52-2BD4E0658192}.Porting|x64.Build.0 = Release|iPhoneSimulator
		{95D8DAA9-4A51-455C-AE52-2BD4E0658192}.Porting|x86.ActiveCfg = Release|iPhoneSimulator
		{95D8DAA9-4A51-455C-AE52-2BD4E0658192}.Porting|x86.Build.0 = Release|iPhoneSimulator
		{95D8DAA9-4A51-455C-AE52-2BD4E0658192}.Release|Any CPU.ActiveCfg = Release|iPhone
		{95D8DAA9-4A51-455C-AE52-2BD4E0658192}.Release|Any CPU.Build.0 = Release|iPhone
		{95D8DAA9-4A51-455C-AE52-2BD4E0658192}.Release|Any CPU.Deploy.0 = Release|iPhone
		{95D8DAA9-4A51-455C-AE52-2BD4E0658192}.Release|ARM.ActiveCfg = Release|iPhone
		{95D8DAA9-4A51-455C-AE52-2BD4E0658192}.Release|ARM.Build.0 = Release|iPhone
		{95D8DAA9-4A51-455C-AE52-2BD4E0658192}.Release|ARM.Deploy.0 = Release|iPhone
		{95D8DAA9-4A51-455C-AE52-2BD4E0658192}.Release|iPhone.ActiveCfg = Release|iPhone
		{95D8DAA9-4A51-455C-AE52-2BD4E0658192}.Release|iPhone.Build.0 = Release|iPhone
		{95D8DAA9-4A51-455C-AE52-2BD4E0658192}.Release|iPhone.Deploy.0 = Release|iPhone
		{95D8DAA9-4A51-455C-AE52-2BD4E0658192}.Release|iPhoneSimulator.ActiveCfg = Release|iPhoneSimulator
		{95D8DAA9-4A51-455C-AE52-2BD4E0658192}.Release|iPhoneSimulator.Build.0 = Release|iPhoneSimulator
		{95D8DAA9-4A51-455C-AE52-2BD4E0658192}.Release|iPhoneSimulator.Deploy.0 = Release|iPhoneSimulator
		{95D8DAA9-4A51-455C-AE52-2BD4E0658192}.Release|x64.ActiveCfg = Release|iPhone
		{95D8DAA9-4A51-455C-AE52-2BD4E0658192}.Release|x64.Build.0 = Release|iPhone
		{95D8DAA9-4A51-455C-AE52-2BD4E0658192}.Release|x64.Deploy.0 = Release|iPhone
		{95D8DAA9-4A51-455C-AE52-2BD4E0658192}.Release|x86.ActiveCfg = Release|iPhone
		{95D8DAA9-4A51-455C-AE52-2BD4E0658192}.Release|x86.Build.0 = Release|iPhone
		{95D8DAA9-4A51-455C-AE52-2BD4E0658192}.Release|x86.Deploy.0 = Release|iPhone
		{91752EC5-467D-41D9-85F8-3DA9BC0C16C6}.Ad-Hoc|Any CPU.ActiveCfg = Release|x86
		{91752EC5-467D-41D9-85F8-3DA9BC0C16C6}.Ad-Hoc|Any CPU.Build.0 = Release|x86
		{91752EC5-467D-41D9-85F8-3DA9BC0C16C6}.Ad-Hoc|Any CPU.Deploy.0 = Release|x86
		{91752EC5-467D-41D9-85F8-3DA9BC0C16C6}.Ad-Hoc|ARM.ActiveCfg = Release|ARM
		{91752EC5-467D-41D9-85F8-3DA9BC0C16C6}.Ad-Hoc|ARM.Build.0 = Release|ARM
		{91752EC5-467D-41D9-85F8-3DA9BC0C16C6}.Ad-Hoc|ARM.Deploy.0 = Release|ARM
		{91752EC5-467D-41D9-85F8-3DA9BC0C16C6}.Ad-Hoc|iPhone.ActiveCfg = Release|x86
		{91752EC5-467D-41D9-85F8-3DA9BC0C16C6}.Ad-Hoc|iPhone.Build.0 = Release|x86
		{91752EC5-467D-41D9-85F8-3DA9BC0C16C6}.Ad-Hoc|iPhone.Deploy.0 = Release|x86
		{91752EC5-467D-41D9-85F8-3DA9BC0C16C6}.Ad-Hoc|iPhoneSimulator.ActiveCfg = Release|x86
		{91752EC5-467D-41D9-85F8-3DA9BC0C16C6}.Ad-Hoc|iPhoneSimulator.Build.0 = Release|x86
		{91752EC5-467D-41D9-85F8-3DA9BC0C16C6}.Ad-Hoc|iPhoneSimulator.Deploy.0 = Release|x86
		{91752EC5-467D-41D9-85F8-3DA9BC0C16C6}.Ad-Hoc|x64.ActiveCfg = Release|x64
		{91752EC5-467D-41D9-85F8-3DA9BC0C16C6}.Ad-Hoc|x64.Build.0 = Release|x64
		{91752EC5-467D-41D9-85F8-3DA9BC0C16C6}.Ad-Hoc|x64.Deploy.0 = Release|x64
		{91752EC5-467D-41D9-85F8-3DA9BC0C16C6}.Ad-Hoc|x86.ActiveCfg = Release|x86
		{91752EC5-467D-41D9-85F8-3DA9BC0C16C6}.Ad-Hoc|x86.Build.0 = Release|x86
		{91752EC5-467D-41D9-85F8-3DA9BC0C16C6}.Ad-Hoc|x86.Deploy.0 = Release|x86
		{91752EC5-467D-41D9-85F8-3DA9BC0C16C6}.AppStore|Any CPU.ActiveCfg = Release|x86
		{91752EC5-467D-41D9-85F8-3DA9BC0C16C6}.AppStore|Any CPU.Build.0 = Release|x86
		{91752EC5-467D-41D9-85F8-3DA9BC0C16C6}.AppStore|Any CPU.Deploy.0 = Release|x86
		{91752EC5-467D-41D9-85F8-3DA9BC0C16C6}.AppStore|ARM.ActiveCfg = Release|ARM
		{91752EC5-467D-41D9-85F8-3DA9BC0C16C6}.AppStore|ARM.Build.0 = Release|ARM
		{91752EC5-467D-41D9-85F8-3DA9BC0C16C6}.AppStore|ARM.Deploy.0 = Release|ARM
		{91752EC5-467D-41D9-85F8-3DA9BC0C16C6}.AppStore|iPhone.ActiveCfg = Release|x86
		{91752EC5-467D-41D9-85F8-3DA9BC0C16C6}.AppStore|iPhone.Build.0 = Release|x86
		{91752EC5-467D-41D9-85F8-3DA9BC0C16C6}.AppStore|iPhone.Deploy.0 = Release|x86
		{91752EC5-467D-41D9-85F8-3DA9BC0C16C6}.AppStore|iPhoneSimulator.ActiveCfg = Release|x86
		{91752EC5-467D-41D9-85F8-3DA9BC0C16C6}.AppStore|iPhoneSimulator.Build.0 = Release|x86
		{91752EC5-467D-41D9-85F8-3DA9BC0C16C6}.AppStore|iPhoneSimulator.Deploy.0 = Release|x86
		{91752EC5-467D-41D9-85F8-3DA9BC0C16C6}.AppStore|x64.ActiveCfg = Release|x64
		{91752EC5-467D-41D9-85F8-3DA9BC0C16C6}.AppStore|x64.Build.0 = Release|x64
		{91752EC5-467D-41D9-85F8-3DA9BC0C16C6}.AppStore|x64.Deploy.0 = Release|x64
		{91752EC5-467D-41D9-85F8-3DA9BC0C16C6}.AppStore|x86.ActiveCfg = Release|x86
		{91752EC5-467D-41D9-85F8-3DA9BC0C16C6}.AppStore|x86.Build.0 = Release|x86
		{91752EC5-467D-41D9-85F8-3DA9BC0C16C6}.AppStore|x86.Deploy.0 = Release|x86
		{91752EC5-467D-41D9-85F8-3DA9BC0C16C6}.Debug|Any CPU.ActiveCfg = Debug|x86
		{91752EC5-467D-41D9-85F8-3DA9BC0C16C6}.Debug|Any CPU.Build.0 = Debug|x86
		{91752EC5-467D-41D9-85F8-3DA9BC0C16C6}.Debug|Any CPU.Deploy.0 = Debug|x86
		{91752EC5-467D-41D9-85F8-3DA9BC0C16C6}.Debug|ARM.ActiveCfg = Debug|ARM
		{91752EC5-467D-41D9-85F8-3DA9BC0C16C6}.Debug|ARM.Build.0 = Debug|ARM
		{91752EC5-467D-41D9-85F8-3DA9BC0C16C6}.Debug|ARM.Deploy.0 = Debug|ARM
		{91752EC5-467D-41D9-85F8-3DA9BC0C16C6}.Debug|iPhone.ActiveCfg = Debug|x86
		{91752EC5-467D-41D9-85F8-3DA9BC0C16C6}.Debug|iPhone.Build.0 = Debug|x86
		{91752EC5-467D-41D9-85F8-3DA9BC0C16C6}.Debug|iPhone.Deploy.0 = Debug|x86
		{91752EC5-467D-41D9-85F8-3DA9BC0C16C6}.Debug|iPhoneSimulator.ActiveCfg = Debug|x86
		{91752EC5-467D-41D9-85F8-3DA9BC0C16C6}.Debug|iPhoneSimulator.Build.0 = Debug|x86
		{91752EC5-467D-41D9-85F8-3DA9BC0C16C6}.Debug|iPhoneSimulator.Deploy.0 = Debug|x86
		{91752EC5-467D-41D9-85F8-3DA9BC0C16C6}.Debug|x64.ActiveCfg = Debug|x64
		{91752EC5-467D-41D9-85F8-3DA9BC0C16C6}.Debug|x64.Build.0 = Debug|x64
		{91752EC5-467D-41D9-85F8-3DA9BC0C16C6}.Debug|x64.Deploy.0 = Debug|x64
		{91752EC5-467D-41D9-85F8-3DA9BC0C16C6}.Debug|x86.ActiveCfg = Debug|x86
		{91752EC5-467D-41D9-85F8-3DA9BC0C16C6}.Debug|x86.Build.0 = Debug|x86
		{91752EC5-467D-41D9-85F8-3DA9BC0C16C6}.Debug|x86.Deploy.0 = Debug|x86
		{91752EC5-467D-41D9-85F8-3DA9BC0C16C6}.Porting|Any CPU.ActiveCfg = Debug|x64
		{91752EC5-467D-41D9-85F8-3DA9BC0C16C6}.Porting|Any CPU.Build.0 = Debug|x64
		{91752EC5-467D-41D9-85F8-3DA9BC0C16C6}.Porting|Any CPU.Deploy.0 = Debug|x64
		{91752EC5-467D-41D9-85F8-3DA9BC0C16C6}.Porting|ARM.ActiveCfg = Debug|ARM
		{91752EC5-467D-41D9-85F8-3DA9BC0C16C6}.Porting|ARM.Build.0 = Debug|ARM
		{91752EC5-467D-41D9-85F8-3DA9BC0C16C6}.Porting|ARM.Deploy.0 = Debug|ARM
		{91752EC5-467D-41D9-85F8-3DA9BC0C16C6}.Porting|iPhone.ActiveCfg = Debug|x64
		{91752EC5-467D-41D9-85F8-3DA9BC0C16C6}.Porting|iPhone.Build.0 = Debug|x64
		{91752EC5-467D-41D9-85F8-3DA9BC0C16C6}.Porting|iPhone.Deploy.0 = Debug|x64
		{91752EC5-467D-41D9-85F8-3DA9BC0C16C6}.Porting|iPhoneSimulator.ActiveCfg = Debug|x64
		{91752EC5-467D-41D9-85F8-3DA9BC0C16C6}.Porting|iPhoneSimulator.Build.0 = Debug|x64
		{91752EC5-467D-41D9-85F8-3DA9BC0C16C6}.Porting|iPhoneSimulator.Deploy.0 = Debug|x64
		{91752EC5-467D-41D9-85F8-3DA9BC0C16C6}.Porting|x64.ActiveCfg = Debug|x64
		{91752EC5-467D-41D9-85F8-3DA9BC0C16C6}.Porting|x64.Build.0 = Debug|x64
		{91752EC5-467D-41D9-85F8-3DA9BC0C16C6}.Porting|x64.Deploy.0 = Debug|x64
		{91752EC5-467D-41D9-85F8-3DA9BC0C16C6}.Porting|x86.ActiveCfg = Debug|x86
		{91752EC5-467D-41D9-85F8-3DA9BC0C16C6}.Porting|x86.Build.0 = Debug|x86
		{91752EC5-467D-41D9-85F8-3DA9BC0C16C6}.Porting|x86.Deploy.0 = Debug|x86
		{91752EC5-467D-41D9-85F8-3DA9BC0C16C6}.Release|Any CPU.ActiveCfg = Release|x86
		{91752EC5-467D-41D9-85F8-3DA9BC0C16C6}.Release|Any CPU.Build.0 = Release|x86
		{91752EC5-467D-41D9-85F8-3DA9BC0C16C6}.Release|Any CPU.Deploy.0 = Release|x86
		{91752EC5-467D-41D9-85F8-3DA9BC0C16C6}.Release|ARM.ActiveCfg = Release|ARM
		{91752EC5-467D-41D9-85F8-3DA9BC0C16C6}.Release|ARM.Build.0 = Release|ARM
		{91752EC5-467D-41D9-85F8-3DA9BC0C16C6}.Release|ARM.Deploy.0 = Release|ARM
		{91752EC5-467D-41D9-85F8-3DA9BC0C16C6}.Release|iPhone.ActiveCfg = Release|x86
		{91752EC5-467D-41D9-85F8-3DA9BC0C16C6}.Release|iPhone.Build.0 = Release|x86
		{91752EC5-467D-41D9-85F8-3DA9BC0C16C6}.Release|iPhone.Deploy.0 = Release|x86
		{91752EC5-467D-41D9-85F8-3DA9BC0C16C6}.Release|iPhoneSimulator.ActiveCfg = Release|x86
		{91752EC5-467D-41D9-85F8-3DA9BC0C16C6}.Release|iPhoneSimulator.Build.0 = Release|x86
		{91752EC5-467D-41D9-85F8-3DA9BC0C16C6}.Release|iPhoneSimulator.Deploy.0 = Release|x86
		{91752EC5-467D-41D9-85F8-3DA9BC0C16C6}.Release|x64.ActiveCfg = Release|x64
		{91752EC5-467D-41D9-85F8-3DA9BC0C16C6}.Release|x64.Build.0 = Release|x64
		{91752EC5-467D-41D9-85F8-3DA9BC0C16C6}.Release|x64.Deploy.0 = Release|x64
		{91752EC5-467D-41D9-85F8-3DA9BC0C16C6}.Release|x86.ActiveCfg = Release|x86
		{91752EC5-467D-41D9-85F8-3DA9BC0C16C6}.Release|x86.Build.0 = Release|x86
		{91752EC5-467D-41D9-85F8-3DA9BC0C16C6}.Release|x86.Deploy.0 = Release|x86
		{860D10CF-F1C6-4811-BB0C-13491EA5255E}.Ad-Hoc|Any CPU.ActiveCfg = Debug|Any CPU
		{860D10CF-F1C6-4811-BB0C-13491EA5255E}.Ad-Hoc|Any CPU.Build.0 = Debug|Any CPU
		{860D10CF-F1C6-4811-BB0C-13491EA5255E}.Ad-Hoc|Any CPU.Deploy.0 = Debug|Any CPU
		{860D10CF-F1C6-4811-BB0C-13491EA5255E}.Ad-Hoc|ARM.ActiveCfg = Debug|Any CPU
		{860D10CF-F1C6-4811-BB0C-13491EA5255E}.Ad-Hoc|ARM.Build.0 = Debug|Any CPU
		{860D10CF-F1C6-4811-BB0C-13491EA5255E}.Ad-Hoc|ARM.Deploy.0 = Debug|Any CPU
		{860D10CF-F1C6-4811-BB0C-13491EA5255E}.Ad-Hoc|iPhone.ActiveCfg = Debug|Any CPU
		{860D10CF-F1C6-4811-BB0C-13491EA5255E}.Ad-Hoc|iPhone.Build.0 = Debug|Any CPU
		{860D10CF-F1C6-4811-BB0C-13491EA5255E}.Ad-Hoc|iPhone.Deploy.0 = Debug|Any CPU
		{860D10CF-F1C6-4811-BB0C-13491EA5255E}.Ad-Hoc|iPhoneSimulator.ActiveCfg = Debug|Any CPU
		{860D10CF-F1C6-4811-BB0C-13491EA5255E}.Ad-Hoc|iPhoneSimulator.Build.0 = Debug|Any CPU
		{860D10CF-F1C6-4811-BB0C-13491EA5255E}.Ad-Hoc|iPhoneSimulator.Deploy.0 = Debug|Any CPU
		{860D10CF-F1C6-4811-BB0C-13491EA5255E}.Ad-Hoc|x64.ActiveCfg = Debug|Any CPU
		{860D10CF-F1C6-4811-BB0C-13491EA5255E}.Ad-Hoc|x64.Build.0 = Debug|Any CPU
		{860D10CF-F1C6-4811-BB0C-13491EA5255E}.Ad-Hoc|x64.Deploy.0 = Debug|Any CPU
		{860D10CF-F1C6-4811-BB0C-13491EA5255E}.Ad-Hoc|x86.ActiveCfg = Debug|Any CPU
		{860D10CF-F1C6-4811-BB0C-13491EA5255E}.Ad-Hoc|x86.Build.0 = Debug|Any CPU
		{860D10CF-F1C6-4811-BB0C-13491EA5255E}.Ad-Hoc|x86.Deploy.0 = Debug|Any CPU
		{860D10CF-F1C6-4811-BB0C-13491EA5255E}.AppStore|Any CPU.ActiveCfg = Debug|Any CPU
		{860D10CF-F1C6-4811-BB0C-13491EA5255E}.AppStore|Any CPU.Build.0 = Debug|Any CPU
		{860D10CF-F1C6-4811-BB0C-13491EA5255E}.AppStore|Any CPU.Deploy.0 = Debug|Any CPU
		{860D10CF-F1C6-4811-BB0C-13491EA5255E}.AppStore|ARM.ActiveCfg = Debug|Any CPU
		{860D10CF-F1C6-4811-BB0C-13491EA5255E}.AppStore|ARM.Build.0 = Debug|Any CPU
		{860D10CF-F1C6-4811-BB0C-13491EA5255E}.AppStore|ARM.Deploy.0 = Debug|Any CPU
		{860D10CF-F1C6-4811-BB0C-13491EA5255E}.AppStore|iPhone.ActiveCfg = Debug|Any CPU
		{860D10CF-F1C6-4811-BB0C-13491EA5255E}.AppStore|iPhone.Build.0 = Debug|Any CPU
		{860D10CF-F1C6-4811-BB0C-13491EA5255E}.AppStore|iPhone.Deploy.0 = Debug|Any CPU
		{860D10CF-F1C6-4811-BB0C-13491EA5255E}.AppStore|iPhoneSimulator.ActiveCfg = Debug|Any CPU
		{860D10CF-F1C6-4811-BB0C-13491EA5255E}.AppStore|iPhoneSimulator.Build.0 = Debug|Any CPU
		{860D10CF-F1C6-4811-BB0C-13491EA5255E}.AppStore|iPhoneSimulator.Deploy.0 = Debug|Any CPU
		{860D10CF-F1C6-4811-BB0C-13491EA5255E}.AppStore|x64.ActiveCfg = Debug|Any CPU
		{860D10CF-F1C6-4811-BB0C-13491EA5255E}.AppStore|x64.Build.0 = Debug|Any CPU
		{860D10CF-F1C6-4811-BB0C-13491EA5255E}.AppStore|x64.Deploy.0 = Debug|Any CPU
		{860D10CF-F1C6-4811-BB0C-13491EA5255E}.AppStore|x86.ActiveCfg = Debug|Any CPU
		{860D10CF-F1C6-4811-BB0C-13491EA5255E}.AppStore|x86.Build.0 = Debug|Any CPU
		{860D10CF-F1C6-4811-BB0C-13491EA5255E}.AppStore|x86.Deploy.0 = Debug|Any CPU
		{860D10CF-F1C6-4811-BB0C-13491EA5255E}.Debug|Any CPU.ActiveCfg = Debug|Any CPU
		{860D10CF-F1C6-4811-BB0C-13491EA5255E}.Debug|Any CPU.Build.0 = Debug|Any CPU
		{860D10CF-F1C6-4811-BB0C-13491EA5255E}.Debug|Any CPU.Deploy.0 = Debug|Any CPU
		{860D10CF-F1C6-4811-BB0C-13491EA5255E}.Debug|ARM.ActiveCfg = Debug|Any CPU
		{860D10CF-F1C6-4811-BB0C-13491EA5255E}.Debug|ARM.Build.0 = Debug|Any CPU
		{860D10CF-F1C6-4811-BB0C-13491EA5255E}.Debug|ARM.Deploy.0 = Debug|Any CPU
		{860D10CF-F1C6-4811-BB0C-13491EA5255E}.Debug|iPhone.ActiveCfg = Debug|Any CPU
		{860D10CF-F1C6-4811-BB0C-13491EA5255E}.Debug|iPhone.Build.0 = Debug|Any CPU
		{860D10CF-F1C6-4811-BB0C-13491EA5255E}.Debug|iPhone.Deploy.0 = Debug|Any CPU
		{860D10CF-F1C6-4811-BB0C-13491EA5255E}.Debug|iPhoneSimulator.ActiveCfg = Debug|Any CPU
		{860D10CF-F1C6-4811-BB0C-13491EA5255E}.Debug|iPhoneSimulator.Build.0 = Debug|Any CPU
		{860D10CF-F1C6-4811-BB0C-13491EA5255E}.Debug|iPhoneSimulator.Deploy.0 = Debug|Any CPU
		{860D10CF-F1C6-4811-BB0C-13491EA5255E}.Debug|x64.ActiveCfg = Debug|Any CPU
		{860D10CF-F1C6-4811-BB0C-13491EA5255E}.Debug|x64.Build.0 = Debug|Any CPU
		{860D10CF-F1C6-4811-BB0C-13491EA5255E}.Debug|x64.Deploy.0 = Debug|Any CPU
		{860D10CF-F1C6-4811-BB0C-13491EA5255E}.Debug|x86.ActiveCfg = Debug|Any CPU
		{860D10CF-F1C6-4811-BB0C-13491EA5255E}.Debug|x86.Build.0 = Debug|Any CPU
		{860D10CF-F1C6-4811-BB0C-13491EA5255E}.Debug|x86.Deploy.0 = Debug|Any CPU
		{860D10CF-F1C6-4811-BB0C-13491EA5255E}.Porting|Any CPU.ActiveCfg = Release|Any CPU
		{860D10CF-F1C6-4811-BB0C-13491EA5255E}.Porting|Any CPU.Build.0 = Release|Any CPU
		{860D10CF-F1C6-4811-BB0C-13491EA5255E}.Porting|ARM.ActiveCfg = Release|Any CPU
		{860D10CF-F1C6-4811-BB0C-13491EA5255E}.Porting|ARM.Build.0 = Release|Any CPU
		{860D10CF-F1C6-4811-BB0C-13491EA5255E}.Porting|iPhone.ActiveCfg = Release|Any CPU
		{860D10CF-F1C6-4811-BB0C-13491EA5255E}.Porting|iPhone.Build.0 = Release|Any CPU
		{860D10CF-F1C6-4811-BB0C-13491EA5255E}.Porting|iPhoneSimulator.ActiveCfg = Release|Any CPU
		{860D10CF-F1C6-4811-BB0C-13491EA5255E}.Porting|iPhoneSimulator.Build.0 = Release|Any CPU
		{860D10CF-F1C6-4811-BB0C-13491EA5255E}.Porting|x64.ActiveCfg = Release|Any CPU
		{860D10CF-F1C6-4811-BB0C-13491EA5255E}.Porting|x64.Build.0 = Release|Any CPU
		{860D10CF-F1C6-4811-BB0C-13491EA5255E}.Porting|x86.ActiveCfg = Release|Any CPU
		{860D10CF-F1C6-4811-BB0C-13491EA5255E}.Porting|x86.Build.0 = Release|Any CPU
		{860D10CF-F1C6-4811-BB0C-13491EA5255E}.Release|Any CPU.ActiveCfg = Release|Any CPU
		{860D10CF-F1C6-4811-BB0C-13491EA5255E}.Release|Any CPU.Build.0 = Release|Any CPU
		{860D10CF-F1C6-4811-BB0C-13491EA5255E}.Release|Any CPU.Deploy.0 = Release|Any CPU
		{860D10CF-F1C6-4811-BB0C-13491EA5255E}.Release|ARM.ActiveCfg = Release|Any CPU
		{860D10CF-F1C6-4811-BB0C-13491EA5255E}.Release|ARM.Build.0 = Release|Any CPU
		{860D10CF-F1C6-4811-BB0C-13491EA5255E}.Release|ARM.Deploy.0 = Release|Any CPU
		{860D10CF-F1C6-4811-BB0C-13491EA5255E}.Release|iPhone.ActiveCfg = Release|Any CPU
		{860D10CF-F1C6-4811-BB0C-13491EA5255E}.Release|iPhone.Build.0 = Release|Any CPU
		{860D10CF-F1C6-4811-BB0C-13491EA5255E}.Release|iPhone.Deploy.0 = Release|Any CPU
		{860D10CF-F1C6-4811-BB0C-13491EA5255E}.Release|iPhoneSimulator.ActiveCfg = Release|Any CPU
		{860D10CF-F1C6-4811-BB0C-13491EA5255E}.Release|iPhoneSimulator.Build.0 = Release|Any CPU
		{860D10CF-F1C6-4811-BB0C-13491EA5255E}.Release|iPhoneSimulator.Deploy.0 = Release|Any CPU
		{860D10CF-F1C6-4811-BB0C-13491EA5255E}.Release|x64.ActiveCfg = Release|Any CPU
		{860D10CF-F1C6-4811-BB0C-13491EA5255E}.Release|x64.Build.0 = Release|Any CPU
		{860D10CF-F1C6-4811-BB0C-13491EA5255E}.Release|x64.Deploy.0 = Release|Any CPU
		{860D10CF-F1C6-4811-BB0C-13491EA5255E}.Release|x86.ActiveCfg = Release|Any CPU
		{860D10CF-F1C6-4811-BB0C-13491EA5255E}.Release|x86.Build.0 = Release|Any CPU
		{860D10CF-F1C6-4811-BB0C-13491EA5255E}.Release|x86.Deploy.0 = Release|Any CPU
		{E03189CA-EFFD-4513-814D-83C14BCD5323}.Ad-Hoc|Any CPU.ActiveCfg = Debug|Any CPU
		{E03189CA-EFFD-4513-814D-83C14BCD5323}.Ad-Hoc|Any CPU.Build.0 = Debug|Any CPU
		{E03189CA-EFFD-4513-814D-83C14BCD5323}.Ad-Hoc|ARM.ActiveCfg = Debug|Any CPU
		{E03189CA-EFFD-4513-814D-83C14BCD5323}.Ad-Hoc|ARM.Build.0 = Debug|Any CPU
		{E03189CA-EFFD-4513-814D-83C14BCD5323}.Ad-Hoc|iPhone.ActiveCfg = Debug|Any CPU
		{E03189CA-EFFD-4513-814D-83C14BCD5323}.Ad-Hoc|iPhone.Build.0 = Debug|Any CPU
		{E03189CA-EFFD-4513-814D-83C14BCD5323}.Ad-Hoc|iPhoneSimulator.ActiveCfg = Debug|Any CPU
		{E03189CA-EFFD-4513-814D-83C14BCD5323}.Ad-Hoc|iPhoneSimulator.Build.0 = Debug|Any CPU
		{E03189CA-EFFD-4513-814D-83C14BCD5323}.Ad-Hoc|x64.ActiveCfg = Debug|Any CPU
		{E03189CA-EFFD-4513-814D-83C14BCD5323}.Ad-Hoc|x64.Build.0 = Debug|Any CPU
		{E03189CA-EFFD-4513-814D-83C14BCD5323}.Ad-Hoc|x86.ActiveCfg = Debug|Any CPU
		{E03189CA-EFFD-4513-814D-83C14BCD5323}.Ad-Hoc|x86.Build.0 = Debug|Any CPU
		{E03189CA-EFFD-4513-814D-83C14BCD5323}.AppStore|Any CPU.ActiveCfg = Debug|Any CPU
		{E03189CA-EFFD-4513-814D-83C14BCD5323}.AppStore|Any CPU.Build.0 = Debug|Any CPU
		{E03189CA-EFFD-4513-814D-83C14BCD5323}.AppStore|ARM.ActiveCfg = Debug|Any CPU
		{E03189CA-EFFD-4513-814D-83C14BCD5323}.AppStore|ARM.Build.0 = Debug|Any CPU
		{E03189CA-EFFD-4513-814D-83C14BCD5323}.AppStore|iPhone.ActiveCfg = Debug|Any CPU
		{E03189CA-EFFD-4513-814D-83C14BCD5323}.AppStore|iPhone.Build.0 = Debug|Any CPU
		{E03189CA-EFFD-4513-814D-83C14BCD5323}.AppStore|iPhoneSimulator.ActiveCfg = Debug|Any CPU
		{E03189CA-EFFD-4513-814D-83C14BCD5323}.AppStore|iPhoneSimulator.Build.0 = Debug|Any CPU
		{E03189CA-EFFD-4513-814D-83C14BCD5323}.AppStore|x64.ActiveCfg = Debug|Any CPU
		{E03189CA-EFFD-4513-814D-83C14BCD5323}.AppStore|x64.Build.0 = Debug|Any CPU
		{E03189CA-EFFD-4513-814D-83C14BCD5323}.AppStore|x86.ActiveCfg = Debug|Any CPU
		{E03189CA-EFFD-4513-814D-83C14BCD5323}.AppStore|x86.Build.0 = Debug|Any CPU
		{E03189CA-EFFD-4513-814D-83C14BCD5323}.Debug|Any CPU.ActiveCfg = Debug|Any CPU
		{E03189CA-EFFD-4513-814D-83C14BCD5323}.Debug|Any CPU.Build.0 = Debug|Any CPU
		{E03189CA-EFFD-4513-814D-83C14BCD5323}.Debug|ARM.ActiveCfg = Debug|Any CPU
		{E03189CA-EFFD-4513-814D-83C14BCD5323}.Debug|ARM.Build.0 = Debug|Any CPU
		{E03189CA-EFFD-4513-814D-83C14BCD5323}.Debug|iPhone.ActiveCfg = Debug|Any CPU
		{E03189CA-EFFD-4513-814D-83C14BCD5323}.Debug|iPhone.Build.0 = Debug|Any CPU
		{E03189CA-EFFD-4513-814D-83C14BCD5323}.Debug|iPhoneSimulator.ActiveCfg = Debug|Any CPU
		{E03189CA-EFFD-4513-814D-83C14BCD5323}.Debug|iPhoneSimulator.Build.0 = Debug|Any CPU
		{E03189CA-EFFD-4513-814D-83C14BCD5323}.Debug|x64.ActiveCfg = Debug|Any CPU
		{E03189CA-EFFD-4513-814D-83C14BCD5323}.Debug|x64.Build.0 = Debug|Any CPU
		{E03189CA-EFFD-4513-814D-83C14BCD5323}.Debug|x86.ActiveCfg = Debug|Any CPU
		{E03189CA-EFFD-4513-814D-83C14BCD5323}.Debug|x86.Build.0 = Debug|Any CPU
		{E03189CA-EFFD-4513-814D-83C14BCD5323}.Porting|Any CPU.ActiveCfg = Debug|Any CPU
		{E03189CA-EFFD-4513-814D-83C14BCD5323}.Porting|Any CPU.Build.0 = Debug|Any CPU
		{E03189CA-EFFD-4513-814D-83C14BCD5323}.Porting|ARM.ActiveCfg = Debug|Any CPU
		{E03189CA-EFFD-4513-814D-83C14BCD5323}.Porting|ARM.Build.0 = Debug|Any CPU
		{E03189CA-EFFD-4513-814D-83C14BCD5323}.Porting|iPhone.ActiveCfg = Debug|Any CPU
		{E03189CA-EFFD-4513-814D-83C14BCD5323}.Porting|iPhone.Build.0 = Debug|Any CPU
		{E03189CA-EFFD-4513-814D-83C14BCD5323}.Porting|iPhoneSimulator.ActiveCfg = Debug|Any CPU
		{E03189CA-EFFD-4513-814D-83C14BCD5323}.Porting|iPhoneSimulator.Build.0 = Debug|Any CPU
		{E03189CA-EFFD-4513-814D-83C14BCD5323}.Porting|x64.ActiveCfg = Debug|Any CPU
		{E03189CA-EFFD-4513-814D-83C14BCD5323}.Porting|x64.Build.0 = Debug|Any CPU
		{E03189CA-EFFD-4513-814D-83C14BCD5323}.Porting|x86.ActiveCfg = Debug|Any CPU
		{E03189CA-EFFD-4513-814D-83C14BCD5323}.Porting|x86.Build.0 = Debug|Any CPU
		{E03189CA-EFFD-4513-814D-83C14BCD5323}.Release|Any CPU.ActiveCfg = Release|Any CPU
		{E03189CA-EFFD-4513-814D-83C14BCD5323}.Release|Any CPU.Build.0 = Release|Any CPU
		{E03189CA-EFFD-4513-814D-83C14BCD5323}.Release|ARM.ActiveCfg = Release|Any CPU
		{E03189CA-EFFD-4513-814D-83C14BCD5323}.Release|ARM.Build.0 = Release|Any CPU
		{E03189CA-EFFD-4513-814D-83C14BCD5323}.Release|iPhone.ActiveCfg = Release|Any CPU
		{E03189CA-EFFD-4513-814D-83C14BCD5323}.Release|iPhone.Build.0 = Release|Any CPU
		{E03189CA-EFFD-4513-814D-83C14BCD5323}.Release|iPhoneSimulator.ActiveCfg = Release|Any CPU
		{E03189CA-EFFD-4513-814D-83C14BCD5323}.Release|iPhoneSimulator.Build.0 = Release|Any CPU
		{E03189CA-EFFD-4513-814D-83C14BCD5323}.Release|x64.ActiveCfg = Release|Any CPU
		{E03189CA-EFFD-4513-814D-83C14BCD5323}.Release|x64.Build.0 = Release|Any CPU
		{E03189CA-EFFD-4513-814D-83C14BCD5323}.Release|x86.ActiveCfg = Release|Any CPU
		{E03189CA-EFFD-4513-814D-83C14BCD5323}.Release|x86.Build.0 = Release|Any CPU
		{F31FD193-860A-493B-BA68-B4EFED1D58CD}.Ad-Hoc|Any CPU.ActiveCfg = Porting|Any CPU
		{F31FD193-860A-493B-BA68-B4EFED1D58CD}.Ad-Hoc|Any CPU.Build.0 = Porting|Any CPU
		{F31FD193-860A-493B-BA68-B4EFED1D58CD}.Ad-Hoc|ARM.ActiveCfg = Porting|Any CPU
		{F31FD193-860A-493B-BA68-B4EFED1D58CD}.Ad-Hoc|ARM.Build.0 = Porting|Any CPU
		{F31FD193-860A-493B-BA68-B4EFED1D58CD}.Ad-Hoc|iPhone.ActiveCfg = Porting|Any CPU
		{F31FD193-860A-493B-BA68-B4EFED1D58CD}.Ad-Hoc|iPhone.Build.0 = Porting|Any CPU
		{F31FD193-860A-493B-BA68-B4EFED1D58CD}.Ad-Hoc|iPhoneSimulator.ActiveCfg = Porting|Any CPU
		{F31FD193-860A-493B-BA68-B4EFED1D58CD}.Ad-Hoc|iPhoneSimulator.Build.0 = Porting|Any CPU
		{F31FD193-860A-493B-BA68-B4EFED1D58CD}.Ad-Hoc|x64.ActiveCfg = Porting|Any CPU
		{F31FD193-860A-493B-BA68-B4EFED1D58CD}.Ad-Hoc|x64.Build.0 = Porting|Any CPU
		{F31FD193-860A-493B-BA68-B4EFED1D58CD}.Ad-Hoc|x86.ActiveCfg = Porting|Any CPU
		{F31FD193-860A-493B-BA68-B4EFED1D58CD}.Ad-Hoc|x86.Build.0 = Porting|Any CPU
		{F31FD193-860A-493B-BA68-B4EFED1D58CD}.AppStore|Any CPU.ActiveCfg = Porting|Any CPU
		{F31FD193-860A-493B-BA68-B4EFED1D58CD}.AppStore|Any CPU.Build.0 = Porting|Any CPU
		{F31FD193-860A-493B-BA68-B4EFED1D58CD}.AppStore|ARM.ActiveCfg = Porting|Any CPU
		{F31FD193-860A-493B-BA68-B4EFED1D58CD}.AppStore|ARM.Build.0 = Porting|Any CPU
		{F31FD193-860A-493B-BA68-B4EFED1D58CD}.AppStore|iPhone.ActiveCfg = Porting|Any CPU
		{F31FD193-860A-493B-BA68-B4EFED1D58CD}.AppStore|iPhone.Build.0 = Porting|Any CPU
		{F31FD193-860A-493B-BA68-B4EFED1D58CD}.AppStore|iPhoneSimulator.ActiveCfg = Porting|Any CPU
		{F31FD193-860A-493B-BA68-B4EFED1D58CD}.AppStore|iPhoneSimulator.Build.0 = Porting|Any CPU
		{F31FD193-860A-493B-BA68-B4EFED1D58CD}.AppStore|x64.ActiveCfg = Porting|Any CPU
		{F31FD193-860A-493B-BA68-B4EFED1D58CD}.AppStore|x64.Build.0 = Porting|Any CPU
		{F31FD193-860A-493B-BA68-B4EFED1D58CD}.AppStore|x86.ActiveCfg = Porting|Any CPU
		{F31FD193-860A-493B-BA68-B4EFED1D58CD}.AppStore|x86.Build.0 = Porting|Any CPU
		{F31FD193-860A-493B-BA68-B4EFED1D58CD}.Debug|Any CPU.ActiveCfg = Debug|Any CPU
		{F31FD193-860A-493B-BA68-B4EFED1D58CD}.Debug|Any CPU.Build.0 = Debug|Any CPU
		{F31FD193-860A-493B-BA68-B4EFED1D58CD}.Debug|ARM.ActiveCfg = Debug|Any CPU
		{F31FD193-860A-493B-BA68-B4EFED1D58CD}.Debug|ARM.Build.0 = Debug|Any CPU
		{F31FD193-860A-493B-BA68-B4EFED1D58CD}.Debug|iPhone.ActiveCfg = Debug|Any CPU
		{F31FD193-860A-493B-BA68-B4EFED1D58CD}.Debug|iPhone.Build.0 = Debug|Any CPU
		{F31FD193-860A-493B-BA68-B4EFED1D58CD}.Debug|iPhoneSimulator.ActiveCfg = Debug|Any CPU
		{F31FD193-860A-493B-BA68-B4EFED1D58CD}.Debug|iPhoneSimulator.Build.0 = Debug|Any CPU
		{F31FD193-860A-493B-BA68-B4EFED1D58CD}.Debug|x64.ActiveCfg = Debug|Any CPU
		{F31FD193-860A-493B-BA68-B4EFED1D58CD}.Debug|x64.Build.0 = Debug|Any CPU
		{F31FD193-860A-493B-BA68-B4EFED1D58CD}.Debug|x86.ActiveCfg = Debug|Any CPU
		{F31FD193-860A-493B-BA68-B4EFED1D58CD}.Debug|x86.Build.0 = Debug|Any CPU
		{F31FD193-860A-493B-BA68-B4EFED1D58CD}.Porting|Any CPU.ActiveCfg = Porting|Any CPU
		{F31FD193-860A-493B-BA68-B4EFED1D58CD}.Porting|Any CPU.Build.0 = Porting|Any CPU
		{F31FD193-860A-493B-BA68-B4EFED1D58CD}.Porting|ARM.ActiveCfg = Porting|Any CPU
		{F31FD193-860A-493B-BA68-B4EFED1D58CD}.Porting|ARM.Build.0 = Porting|Any CPU
		{F31FD193-860A-493B-BA68-B4EFED1D58CD}.Porting|iPhone.ActiveCfg = Porting|Any CPU
		{F31FD193-860A-493B-BA68-B4EFED1D58CD}.Porting|iPhone.Build.0 = Porting|Any CPU
		{F31FD193-860A-493B-BA68-B4EFED1D58CD}.Porting|iPhoneSimulator.ActiveCfg = Porting|Any CPU
		{F31FD193-860A-493B-BA68-B4EFED1D58CD}.Porting|iPhoneSimulator.Build.0 = Porting|Any CPU
		{F31FD193-860A-493B-BA68-B4EFED1D58CD}.Porting|x64.ActiveCfg = Porting|Any CPU
		{F31FD193-860A-493B-BA68-B4EFED1D58CD}.Porting|x64.Build.0 = Porting|Any CPU
		{F31FD193-860A-493B-BA68-B4EFED1D58CD}.Porting|x86.ActiveCfg = Porting|Any CPU
		{F31FD193-860A-493B-BA68-B4EFED1D58CD}.Porting|x86.Build.0 = Porting|Any CPU
		{F31FD193-860A-493B-BA68-B4EFED1D58CD}.Release|Any CPU.ActiveCfg = Release|Any CPU
		{F31FD193-860A-493B-BA68-B4EFED1D58CD}.Release|Any CPU.Build.0 = Release|Any CPU
		{F31FD193-860A-493B-BA68-B4EFED1D58CD}.Release|ARM.ActiveCfg = Release|Any CPU
		{F31FD193-860A-493B-BA68-B4EFED1D58CD}.Release|ARM.Build.0 = Release|Any CPU
		{F31FD193-860A-493B-BA68-B4EFED1D58CD}.Release|iPhone.ActiveCfg = Release|Any CPU
		{F31FD193-860A-493B-BA68-B4EFED1D58CD}.Release|iPhone.Build.0 = Release|Any CPU
		{F31FD193-860A-493B-BA68-B4EFED1D58CD}.Release|iPhoneSimulator.ActiveCfg = Release|Any CPU
		{F31FD193-860A-493B-BA68-B4EFED1D58CD}.Release|iPhoneSimulator.Build.0 = Release|Any CPU
		{F31FD193-860A-493B-BA68-B4EFED1D58CD}.Release|x64.ActiveCfg = Release|Any CPU
		{F31FD193-860A-493B-BA68-B4EFED1D58CD}.Release|x64.Build.0 = Release|Any CPU
		{F31FD193-860A-493B-BA68-B4EFED1D58CD}.Release|x86.ActiveCfg = Release|Any CPU
		{F31FD193-860A-493B-BA68-B4EFED1D58CD}.Release|x86.Build.0 = Release|Any CPU
		{D72E5649-90F7-4A55-BBC0-07B07C62E640}.Ad-Hoc|Any CPU.ActiveCfg = Porting|Any CPU
		{D72E5649-90F7-4A55-BBC0-07B07C62E640}.Ad-Hoc|Any CPU.Build.0 = Porting|Any CPU
		{D72E5649-90F7-4A55-BBC0-07B07C62E640}.Ad-Hoc|ARM.ActiveCfg = Porting|Any CPU
		{D72E5649-90F7-4A55-BBC0-07B07C62E640}.Ad-Hoc|ARM.Build.0 = Porting|Any CPU
		{D72E5649-90F7-4A55-BBC0-07B07C62E640}.Ad-Hoc|iPhone.ActiveCfg = Porting|Any CPU
		{D72E5649-90F7-4A55-BBC0-07B07C62E640}.Ad-Hoc|iPhone.Build.0 = Porting|Any CPU
		{D72E5649-90F7-4A55-BBC0-07B07C62E640}.Ad-Hoc|iPhoneSimulator.ActiveCfg = Porting|Any CPU
		{D72E5649-90F7-4A55-BBC0-07B07C62E640}.Ad-Hoc|iPhoneSimulator.Build.0 = Porting|Any CPU
		{D72E5649-90F7-4A55-BBC0-07B07C62E640}.Ad-Hoc|x64.ActiveCfg = Porting|Any CPU
		{D72E5649-90F7-4A55-BBC0-07B07C62E640}.Ad-Hoc|x64.Build.0 = Porting|Any CPU
		{D72E5649-90F7-4A55-BBC0-07B07C62E640}.Ad-Hoc|x86.ActiveCfg = Porting|Any CPU
		{D72E5649-90F7-4A55-BBC0-07B07C62E640}.Ad-Hoc|x86.Build.0 = Porting|Any CPU
		{D72E5649-90F7-4A55-BBC0-07B07C62E640}.AppStore|Any CPU.ActiveCfg = Porting|Any CPU
		{D72E5649-90F7-4A55-BBC0-07B07C62E640}.AppStore|Any CPU.Build.0 = Porting|Any CPU
		{D72E5649-90F7-4A55-BBC0-07B07C62E640}.AppStore|ARM.ActiveCfg = Porting|Any CPU
		{D72E5649-90F7-4A55-BBC0-07B07C62E640}.AppStore|ARM.Build.0 = Porting|Any CPU
		{D72E5649-90F7-4A55-BBC0-07B07C62E640}.AppStore|iPhone.ActiveCfg = Porting|Any CPU
		{D72E5649-90F7-4A55-BBC0-07B07C62E640}.AppStore|iPhone.Build.0 = Porting|Any CPU
		{D72E5649-90F7-4A55-BBC0-07B07C62E640}.AppStore|iPhoneSimulator.ActiveCfg = Porting|Any CPU
		{D72E5649-90F7-4A55-BBC0-07B07C62E640}.AppStore|iPhoneSimulator.Build.0 = Porting|Any CPU
		{D72E5649-90F7-4A55-BBC0-07B07C62E640}.AppStore|x64.ActiveCfg = Porting|Any CPU
		{D72E5649-90F7-4A55-BBC0-07B07C62E640}.AppStore|x64.Build.0 = Porting|Any CPU
		{D72E5649-90F7-4A55-BBC0-07B07C62E640}.AppStore|x86.ActiveCfg = Porting|Any CPU
		{D72E5649-90F7-4A55-BBC0-07B07C62E640}.AppStore|x86.Build.0 = Porting|Any CPU
		{D72E5649-90F7-4A55-BBC0-07B07C62E640}.Debug|Any CPU.ActiveCfg = Debug|Any CPU
		{D72E5649-90F7-4A55-BBC0-07B07C62E640}.Debug|Any CPU.Build.0 = Debug|Any CPU
		{D72E5649-90F7-4A55-BBC0-07B07C62E640}.Debug|ARM.ActiveCfg = Debug|Any CPU
		{D72E5649-90F7-4A55-BBC0-07B07C62E640}.Debug|ARM.Build.0 = Debug|Any CPU
		{D72E5649-90F7-4A55-BBC0-07B07C62E640}.Debug|iPhone.ActiveCfg = Debug|Any CPU
		{D72E5649-90F7-4A55-BBC0-07B07C62E640}.Debug|iPhone.Build.0 = Debug|Any CPU
		{D72E5649-90F7-4A55-BBC0-07B07C62E640}.Debug|iPhoneSimulator.ActiveCfg = Debug|Any CPU
		{D72E5649-90F7-4A55-BBC0-07B07C62E640}.Debug|iPhoneSimulator.Build.0 = Debug|Any CPU
		{D72E5649-90F7-4A55-BBC0-07B07C62E640}.Debug|x64.ActiveCfg = Debug|Any CPU
		{D72E5649-90F7-4A55-BBC0-07B07C62E640}.Debug|x64.Build.0 = Debug|Any CPU
		{D72E5649-90F7-4A55-BBC0-07B07C62E640}.Debug|x86.ActiveCfg = Debug|Any CPU
		{D72E5649-90F7-4A55-BBC0-07B07C62E640}.Debug|x86.Build.0 = Debug|Any CPU
		{D72E5649-90F7-4A55-BBC0-07B07C62E640}.Porting|Any CPU.ActiveCfg = Porting|Any CPU
		{D72E5649-90F7-4A55-BBC0-07B07C62E640}.Porting|Any CPU.Build.0 = Porting|Any CPU
		{D72E5649-90F7-4A55-BBC0-07B07C62E640}.Porting|ARM.ActiveCfg = Porting|Any CPU
		{D72E5649-90F7-4A55-BBC0-07B07C62E640}.Porting|ARM.Build.0 = Porting|Any CPU
		{D72E5649-90F7-4A55-BBC0-07B07C62E640}.Porting|iPhone.ActiveCfg = Porting|Any CPU
		{D72E5649-90F7-4A55-BBC0-07B07C62E640}.Porting|iPhone.Build.0 = Porting|Any CPU
		{D72E5649-90F7-4A55-BBC0-07B07C62E640}.Porting|iPhoneSimulator.ActiveCfg = Porting|Any CPU
		{D72E5649-90F7-4A55-BBC0-07B07C62E640}.Porting|iPhoneSimulator.Build.0 = Porting|Any CPU
		{D72E5649-90F7-4A55-BBC0-07B07C62E640}.Porting|x64.ActiveCfg = Porting|Any CPU
		{D72E5649-90F7-4A55-BBC0-07B07C62E640}.Porting|x64.Build.0 = Porting|Any CPU
		{D72E5649-90F7-4A55-BBC0-07B07C62E640}.Porting|x86.ActiveCfg = Porting|Any CPU
		{D72E5649-90F7-4A55-BBC0-07B07C62E640}.Porting|x86.Build.0 = Porting|Any CPU
		{D72E5649-90F7-4A55-BBC0-07B07C62E640}.Release|Any CPU.ActiveCfg = Release|Any CPU
		{D72E5649-90F7-4A55-BBC0-07B07C62E640}.Release|Any CPU.Build.0 = Release|Any CPU
		{D72E5649-90F7-4A55-BBC0-07B07C62E640}.Release|ARM.ActiveCfg = Release|Any CPU
		{D72E5649-90F7-4A55-BBC0-07B07C62E640}.Release|ARM.Build.0 = Release|Any CPU
		{D72E5649-90F7-4A55-BBC0-07B07C62E640}.Release|iPhone.ActiveCfg = Release|Any CPU
		{D72E5649-90F7-4A55-BBC0-07B07C62E640}.Release|iPhone.Build.0 = Release|Any CPU
		{D72E5649-90F7-4A55-BBC0-07B07C62E640}.Release|iPhoneSimulator.ActiveCfg = Release|Any CPU
		{D72E5649-90F7-4A55-BBC0-07B07C62E640}.Release|iPhoneSimulator.Build.0 = Release|Any CPU
		{D72E5649-90F7-4A55-BBC0-07B07C62E640}.Release|x64.ActiveCfg = Release|Any CPU
		{D72E5649-90F7-4A55-BBC0-07B07C62E640}.Release|x64.Build.0 = Release|Any CPU
		{D72E5649-90F7-4A55-BBC0-07B07C62E640}.Release|x86.ActiveCfg = Release|Any CPU
		{D72E5649-90F7-4A55-BBC0-07B07C62E640}.Release|x86.Build.0 = Release|Any CPU
		{E3E2CAC2-C472-4000-9257-30BB7FE6B114}.Ad-Hoc|Any CPU.ActiveCfg = Porting|Any CPU
		{E3E2CAC2-C472-4000-9257-30BB7FE6B114}.Ad-Hoc|Any CPU.Build.0 = Porting|Any CPU
		{E3E2CAC2-C472-4000-9257-30BB7FE6B114}.Ad-Hoc|ARM.ActiveCfg = Porting|Any CPU
		{E3E2CAC2-C472-4000-9257-30BB7FE6B114}.Ad-Hoc|ARM.Build.0 = Porting|Any CPU
		{E3E2CAC2-C472-4000-9257-30BB7FE6B114}.Ad-Hoc|iPhone.ActiveCfg = Porting|Any CPU
		{E3E2CAC2-C472-4000-9257-30BB7FE6B114}.Ad-Hoc|iPhone.Build.0 = Porting|Any CPU
		{E3E2CAC2-C472-4000-9257-30BB7FE6B114}.Ad-Hoc|iPhoneSimulator.ActiveCfg = Porting|Any CPU
		{E3E2CAC2-C472-4000-9257-30BB7FE6B114}.Ad-Hoc|iPhoneSimulator.Build.0 = Porting|Any CPU
		{E3E2CAC2-C472-4000-9257-30BB7FE6B114}.Ad-Hoc|x64.ActiveCfg = Porting|Any CPU
		{E3E2CAC2-C472-4000-9257-30BB7FE6B114}.Ad-Hoc|x64.Build.0 = Porting|Any CPU
		{E3E2CAC2-C472-4000-9257-30BB7FE6B114}.Ad-Hoc|x86.ActiveCfg = Porting|Any CPU
		{E3E2CAC2-C472-4000-9257-30BB7FE6B114}.Ad-Hoc|x86.Build.0 = Porting|Any CPU
		{E3E2CAC2-C472-4000-9257-30BB7FE6B114}.AppStore|Any CPU.ActiveCfg = Porting|Any CPU
		{E3E2CAC2-C472-4000-9257-30BB7FE6B114}.AppStore|Any CPU.Build.0 = Porting|Any CPU
		{E3E2CAC2-C472-4000-9257-30BB7FE6B114}.AppStore|ARM.ActiveCfg = Porting|Any CPU
		{E3E2CAC2-C472-4000-9257-30BB7FE6B114}.AppStore|ARM.Build.0 = Porting|Any CPU
		{E3E2CAC2-C472-4000-9257-30BB7FE6B114}.AppStore|iPhone.ActiveCfg = Porting|Any CPU
		{E3E2CAC2-C472-4000-9257-30BB7FE6B114}.AppStore|iPhone.Build.0 = Porting|Any CPU
		{E3E2CAC2-C472-4000-9257-30BB7FE6B114}.AppStore|iPhoneSimulator.ActiveCfg = Porting|Any CPU
		{E3E2CAC2-C472-4000-9257-30BB7FE6B114}.AppStore|iPhoneSimulator.Build.0 = Porting|Any CPU
		{E3E2CAC2-C472-4000-9257-30BB7FE6B114}.AppStore|x64.ActiveCfg = Porting|Any CPU
		{E3E2CAC2-C472-4000-9257-30BB7FE6B114}.AppStore|x64.Build.0 = Porting|Any CPU
		{E3E2CAC2-C472-4000-9257-30BB7FE6B114}.AppStore|x86.ActiveCfg = Porting|Any CPU
		{E3E2CAC2-C472-4000-9257-30BB7FE6B114}.AppStore|x86.Build.0 = Porting|Any CPU
		{E3E2CAC2-C472-4000-9257-30BB7FE6B114}.Debug|Any CPU.ActiveCfg = Debug|Any CPU
		{E3E2CAC2-C472-4000-9257-30BB7FE6B114}.Debug|Any CPU.Build.0 = Debug|Any CPU
		{E3E2CAC2-C472-4000-9257-30BB7FE6B114}.Debug|ARM.ActiveCfg = Debug|Any CPU
		{E3E2CAC2-C472-4000-9257-30BB7FE6B114}.Debug|ARM.Build.0 = Debug|Any CPU
		{E3E2CAC2-C472-4000-9257-30BB7FE6B114}.Debug|iPhone.ActiveCfg = Debug|Any CPU
		{E3E2CAC2-C472-4000-9257-30BB7FE6B114}.Debug|iPhone.Build.0 = Debug|Any CPU
		{E3E2CAC2-C472-4000-9257-30BB7FE6B114}.Debug|iPhoneSimulator.ActiveCfg = Debug|Any CPU
		{E3E2CAC2-C472-4000-9257-30BB7FE6B114}.Debug|iPhoneSimulator.Build.0 = Debug|Any CPU
		{E3E2CAC2-C472-4000-9257-30BB7FE6B114}.Debug|x64.ActiveCfg = Debug|Any CPU
		{E3E2CAC2-C472-4000-9257-30BB7FE6B114}.Debug|x64.Build.0 = Debug|Any CPU
		{E3E2CAC2-C472-4000-9257-30BB7FE6B114}.Debug|x86.ActiveCfg = Debug|Any CPU
		{E3E2CAC2-C472-4000-9257-30BB7FE6B114}.Debug|x86.Build.0 = Debug|Any CPU
		{E3E2CAC2-C472-4000-9257-30BB7FE6B114}.Porting|Any CPU.ActiveCfg = Porting|Any CPU
		{E3E2CAC2-C472-4000-9257-30BB7FE6B114}.Porting|Any CPU.Build.0 = Porting|Any CPU
		{E3E2CAC2-C472-4000-9257-30BB7FE6B114}.Porting|ARM.ActiveCfg = Porting|Any CPU
		{E3E2CAC2-C472-4000-9257-30BB7FE6B114}.Porting|ARM.Build.0 = Porting|Any CPU
		{E3E2CAC2-C472-4000-9257-30BB7FE6B114}.Porting|iPhone.ActiveCfg = Porting|Any CPU
		{E3E2CAC2-C472-4000-9257-30BB7FE6B114}.Porting|iPhone.Build.0 = Porting|Any CPU
		{E3E2CAC2-C472-4000-9257-30BB7FE6B114}.Porting|iPhoneSimulator.ActiveCfg = Porting|Any CPU
		{E3E2CAC2-C472-4000-9257-30BB7FE6B114}.Porting|iPhoneSimulator.Build.0 = Porting|Any CPU
		{E3E2CAC2-C472-4000-9257-30BB7FE6B114}.Porting|x64.ActiveCfg = Porting|Any CPU
		{E3E2CAC2-C472-4000-9257-30BB7FE6B114}.Porting|x64.Build.0 = Porting|Any CPU
		{E3E2CAC2-C472-4000-9257-30BB7FE6B114}.Porting|x86.ActiveCfg = Porting|Any CPU
		{E3E2CAC2-C472-4000-9257-30BB7FE6B114}.Porting|x86.Build.0 = Porting|Any CPU
		{E3E2CAC2-C472-4000-9257-30BB7FE6B114}.Release|Any CPU.ActiveCfg = Release|Any CPU
		{E3E2CAC2-C472-4000-9257-30BB7FE6B114}.Release|Any CPU.Build.0 = Release|Any CPU
		{E3E2CAC2-C472-4000-9257-30BB7FE6B114}.Release|ARM.ActiveCfg = Release|Any CPU
		{E3E2CAC2-C472-4000-9257-30BB7FE6B114}.Release|ARM.Build.0 = Release|Any CPU
		{E3E2CAC2-C472-4000-9257-30BB7FE6B114}.Release|iPhone.ActiveCfg = Release|Any CPU
		{E3E2CAC2-C472-4000-9257-30BB7FE6B114}.Release|iPhone.Build.0 = Release|Any CPU
		{E3E2CAC2-C472-4000-9257-30BB7FE6B114}.Release|iPhoneSimulator.ActiveCfg = Release|Any CPU
		{E3E2CAC2-C472-4000-9257-30BB7FE6B114}.Release|iPhoneSimulator.Build.0 = Release|Any CPU
		{E3E2CAC2-C472-4000-9257-30BB7FE6B114}.Release|x64.ActiveCfg = Release|Any CPU
		{E3E2CAC2-C472-4000-9257-30BB7FE6B114}.Release|x64.Build.0 = Release|Any CPU
		{E3E2CAC2-C472-4000-9257-30BB7FE6B114}.Release|x86.ActiveCfg = Release|Any CPU
		{E3E2CAC2-C472-4000-9257-30BB7FE6B114}.Release|x86.Build.0 = Release|Any CPU
	EndGlobalSection
	GlobalSection(SolutionProperties) = preSolution
		HideSolutionNode = FALSE
	EndGlobalSection
	GlobalSection(ExtensibilityGlobals) = postSolution
		SolutionGuid = {AB0CF2FB-EE11-4457-8421-5EC71A2266B8}
	EndGlobalSection
EndGlobal
